// !$*UTF8*$!
{
	archiveVersion = 1;
	classes = {
	};
	objectVersion = 50;
	objects = {

/* Begin PBXBuildFile section */
		7A9E025D20EE001B00E5F0E0 /* AppDelegate.swift in Sources */ = {isa = PBXBuildFile; fileRef = 7A9E025C20EE001B00E5F0E0 /* AppDelegate.swift */; };
		7A9E025F20EE001B00E5F0E0 /* LoginController.swift in Sources */ = {isa = PBXBuildFile; fileRef = 7A9E025E20EE001B00E5F0E0 /* LoginController.swift */; };
		7A9E026220EE001B00E5F0E0 /* Onboarding.storyboard in Resources */ = {isa = PBXBuildFile; fileRef = 7A9E026020EE001B00E5F0E0 /* Onboarding.storyboard */; };
		7A9E026420EE001D00E5F0E0 /* Assets.xcassets in Resources */ = {isa = PBXBuildFile; fileRef = 7A9E026320EE001D00E5F0E0 /* Assets.xcassets */; };
		7A9E026720EE001D00E5F0E0 /* LaunchScreen.storyboard in Resources */ = {isa = PBXBuildFile; fileRef = 7A9E026520EE001D00E5F0E0 /* LaunchScreen.storyboard */; };
		7A9E026F20EE039000E5F0E0 /* PlistFile.swift in Sources */ = {isa = PBXBuildFile; fileRef = 7A9E026E20EE039000E5F0E0 /* PlistFile.swift */; };
		7A9E027120EE047300E5F0E0 /* GenericError.swift in Sources */ = {isa = PBXBuildFile; fileRef = 7A9E027020EE047300E5F0E0 /* GenericError.swift */; };
		7A9E027520EE078400E5F0E0 /* ParseClientConfiguration.swift in Sources */ = {isa = PBXBuildFile; fileRef = 7A9E027420EE078400E5F0E0 /* ParseClientConfiguration.swift */; };
		7A9E027820EE08ED00E5F0E0 /* Parse.swift in Sources */ = {isa = PBXBuildFile; fileRef = 7A9E027720EE08ED00E5F0E0 /* Parse.swift */; };
		7A9E027A20EE0B2B00E5F0E0 /* Alert.swift in Sources */ = {isa = PBXBuildFile; fileRef = 7A9E027920EE0B2B00E5F0E0 /* Alert.swift */; };
		7A9E028020EE318600E5F0E0 /* UILoadButton.swift in Sources */ = {isa = PBXBuildFile; fileRef = 7A9E027E20EE318600E5F0E0 /* UILoadButton.swift */; };
		7A9E028120EE318600E5F0E0 /* UIFloatTextFieldController.swift in Sources */ = {isa = PBXBuildFile; fileRef = 7A9E027F20EE318600E5F0E0 /* UIFloatTextFieldController.swift */; };
		7A9E028420EE31B400E5F0E0 /* String.swift in Sources */ = {isa = PBXBuildFile; fileRef = 7A9E028320EE31B400E5F0E0 /* String.swift */; };
		7A9E028620EE31C100E5F0E0 /* CGPoint.swift in Sources */ = {isa = PBXBuildFile; fileRef = 7A9E028520EE31C100E5F0E0 /* CGPoint.swift */; };
		7A9E028820EE31D500E5F0E0 /* UIView.swift in Sources */ = {isa = PBXBuildFile; fileRef = 7A9E028720EE31D500E5F0E0 /* UIView.swift */; };
		7A9E028B20EE3E2500E5F0E0 /* BaseController.swift in Sources */ = {isa = PBXBuildFile; fileRef = 7A9E028A20EE3E2500E5F0E0 /* BaseController.swift */; };
		7A9E028D20EE3E9100E5F0E0 /* OnboardingBaseController.swift in Sources */ = {isa = PBXBuildFile; fileRef = 7A9E028C20EE3E9100E5F0E0 /* OnboardingBaseController.swift */; };
		7A9E028F20EE3F0D00E5F0E0 /* RegisterController.swift in Sources */ = {isa = PBXBuildFile; fileRef = 7A9E028E20EE3F0D00E5F0E0 /* RegisterController.swift */; };
		7A9E029120EE414B00E5F0E0 /* User.swift in Sources */ = {isa = PBXBuildFile; fileRef = 7A9E029020EE414B00E5F0E0 /* User.swift */; };
		7A9E029320EE49FD00E5F0E0 /* StoryboardReferenceRepresentable.swift in Sources */ = {isa = PBXBuildFile; fileRef = 7A9E029220EE49FD00E5F0E0 /* StoryboardReferenceRepresentable.swift */; };
		7A9E029620EE4A1100E5F0E0 /* StoryboardReference.swift in Sources */ = {isa = PBXBuildFile; fileRef = 7A9E029520EE4A1000E5F0E0 /* StoryboardReference.swift */; };
		7A9E029820EE4A6E00E5F0E0 /* Main.storyboard in Resources */ = {isa = PBXBuildFile; fileRef = 7A9E029720EE4A6E00E5F0E0 /* Main.storyboard */; };
		7A9E029A20EE4B7200E5F0E0 /* Navigation.swift in Sources */ = {isa = PBXBuildFile; fileRef = 7A9E029920EE4B7200E5F0E0 /* Navigation.swift */; };
		7A9E029C20EE518900E5F0E0 /* MainTabBarController.swift in Sources */ = {isa = PBXBuildFile; fileRef = 7A9E029B20EE518900E5F0E0 /* MainTabBarController.swift */; };
		D939E37D20F4CD3900598FE7 /* ObservableNSLayoutConstaint.swift in Sources */ = {isa = PBXBuildFile; fileRef = D939E37C20F4CD3900598FE7 /* ObservableNSLayoutConstaint.swift */; };
		D939E37F20F4D73F00598FE7 /* UIColor.swift in Sources */ = {isa = PBXBuildFile; fileRef = D939E37E20F4D73F00598FE7 /* UIColor.swift */; };
		D939E38A20F507B100598FE7 /* InsertPhoneController.swift in Sources */ = {isa = PBXBuildFile; fileRef = D939E38920F507B100598FE7 /* InsertPhoneController.swift */; };
		D939E38C20F50A6700598FE7 /* PFFile.swift in Sources */ = {isa = PBXBuildFile; fileRef = D939E38B20F50A6700598FE7 /* PFFile.swift */; };
		D94A8D3920F4ADF2000238D7 /* PersonalDataController.swift in Sources */ = {isa = PBXBuildFile; fileRef = D94A8D3820F4ADF2000238D7 /* PersonalDataController.swift */; };
		D94A8D3C20F4B4F6000238D7 /* UIButton.swift in Sources */ = {isa = PBXBuildFile; fileRef = D94A8D3B20F4B4F6000238D7 /* UIButton.swift */; };
		D94C177020F7A18E00BB61C9 /* NewsController.swift in Sources */ = {isa = PBXBuildFile; fileRef = D94C176F20F7A18E00BB61C9 /* NewsController.swift */; };
		D94C177320F7A7D900BB61C9 /* ProfileCell.swift in Sources */ = {isa = PBXBuildFile; fileRef = D94C177120F7A7D900BB61C9 /* ProfileCell.swift */; };
		D94C177420F7A7D900BB61C9 /* ProfileCell.xib in Resources */ = {isa = PBXBuildFile; fileRef = D94C177220F7A7D900BB61C9 /* ProfileCell.xib */; };
		D94C177720F8A6A700BB61C9 /* NibInstantiable.swift in Sources */ = {isa = PBXBuildFile; fileRef = D94C177620F8A6A700BB61C9 /* NibInstantiable.swift */; };
		D94C177920F8CF1200BB61C9 /* PFSubclassing.swift in Sources */ = {isa = PBXBuildFile; fileRef = D94C177820F8CF1200BB61C9 /* PFSubclassing.swift */; };
		D94C177B20F8E0FA00BB61C9 /* PFObjectDemo.swift in Sources */ = {isa = PBXBuildFile; fileRef = D94C177A20F8E0FA00BB61C9 /* PFObjectDemo.swift */; };
		D94C177D20F8F59F00BB61C9 /* PFObject.swift in Sources */ = {isa = PBXBuildFile; fileRef = D94C177C20F8F59F00BB61C9 /* PFObject.swift */; };
		D95D5E2820F7473300713C9D /* SplashScreenController.swift in Sources */ = {isa = PBXBuildFile; fileRef = D95D5E2720F7473300713C9D /* SplashScreenController.swift */; };
		D95D5E2A20F74FAB00713C9D /* User+Rx.swift in Sources */ = {isa = PBXBuildFile; fileRef = D95D5E2920F74FAB00713C9D /* User+Rx.swift */; };
		D9794BDC20F65C6E0048FFA6 /* SettingsController.swift in Sources */ = {isa = PBXBuildFile; fileRef = D9794BDB20F65C6E0048FFA6 /* SettingsController.swift */; };
		D9794BDF20F65CE60048FFA6 /* ProfileSettingsCell.swift in Sources */ = {isa = PBXBuildFile; fileRef = D9794BDE20F65CE60048FFA6 /* ProfileSettingsCell.swift */; };
		D9974E0B20F6033700A63CC1 /* GoogleService-Info.plist in Resources */ = {isa = PBXBuildFile; fileRef = D9974E0A20F6033600A63CC1 /* GoogleService-Info.plist */; };
		D9E47AF120F61DFE000C5324 /* Popups.storyboard in Resources */ = {isa = PBXBuildFile; fileRef = D9E47AF020F61DFE000C5324 /* Popups.storyboard */; };
		D9E47AF420F622FA000C5324 /* PhoneValidationController.swift in Sources */ = {isa = PBXBuildFile; fileRef = D9E47AF320F622FA000C5324 /* PhoneValidationController.swift */; };
		D9E47AF620F63C2F000C5324 /* SuccessPopupController.swift in Sources */ = {isa = PBXBuildFile; fileRef = D9E47AF520F63C2F000C5324 /* SuccessPopupController.swift */; };
		D9E47AF820F63C73000C5324 /* PopupBaseController.swift in Sources */ = {isa = PBXBuildFile; fileRef = D9E47AF720F63C73000C5324 /* PopupBaseController.swift */; };
		FA4DD5EF505E5866759BC568 /* Pods_Parse_Demo_Project.framework in Frameworks */ = {isa = PBXBuildFile; fileRef = F9405EE8BC1E3A435A5416FD /* Pods_Parse_Demo_Project.framework */; };
/* End PBXBuildFile section */

/* Begin PBXFileReference section */
		7A9E025920EE001B00E5F0E0 /* Parse Demo Project.app */ = {isa = PBXFileReference; explicitFileType = wrapper.application; includeInIndex = 0; path = "Parse Demo Project.app"; sourceTree = BUILT_PRODUCTS_DIR; };
		7A9E025C20EE001B00E5F0E0 /* AppDelegate.swift */ = {isa = PBXFileReference; lastKnownFileType = sourcecode.swift; path = AppDelegate.swift; sourceTree = "<group>"; };
		7A9E025E20EE001B00E5F0E0 /* LoginController.swift */ = {isa = PBXFileReference; lastKnownFileType = sourcecode.swift; path = LoginController.swift; sourceTree = "<group>"; };
		7A9E026120EE001B00E5F0E0 /* Base */ = {isa = PBXFileReference; lastKnownFileType = file.storyboard; name = Base; path = Base.lproj/Onboarding.storyboard; sourceTree = "<group>"; };
		7A9E026320EE001D00E5F0E0 /* Assets.xcassets */ = {isa = PBXFileReference; lastKnownFileType = folder.assetcatalog; path = Assets.xcassets; sourceTree = "<group>"; };
		7A9E026620EE001D00E5F0E0 /* Base */ = {isa = PBXFileReference; lastKnownFileType = file.storyboard; name = Base; path = Base.lproj/LaunchScreen.storyboard; sourceTree = "<group>"; };
		7A9E026820EE001D00E5F0E0 /* Info.plist */ = {isa = PBXFileReference; lastKnownFileType = text.plist.xml; path = Info.plist; sourceTree = "<group>"; };
		7A9E026E20EE039000E5F0E0 /* PlistFile.swift */ = {isa = PBXFileReference; lastKnownFileType = sourcecode.swift; path = PlistFile.swift; sourceTree = "<group>"; };
		7A9E027020EE047300E5F0E0 /* GenericError.swift */ = {isa = PBXFileReference; lastKnownFileType = sourcecode.swift; path = GenericError.swift; sourceTree = "<group>"; };
		7A9E027420EE078400E5F0E0 /* ParseClientConfiguration.swift */ = {isa = PBXFileReference; lastKnownFileType = sourcecode.swift; path = ParseClientConfiguration.swift; sourceTree = "<group>"; };
		7A9E027720EE08ED00E5F0E0 /* Parse.swift */ = {isa = PBXFileReference; lastKnownFileType = sourcecode.swift; path = Parse.swift; sourceTree = "<group>"; };
		7A9E027920EE0B2B00E5F0E0 /* Alert.swift */ = {isa = PBXFileReference; lastKnownFileType = sourcecode.swift; path = Alert.swift; sourceTree = "<group>"; };
		7A9E027E20EE318600E5F0E0 /* UILoadButton.swift */ = {isa = PBXFileReference; fileEncoding = 4; lastKnownFileType = sourcecode.swift; path = UILoadButton.swift; sourceTree = "<group>"; };
		7A9E027F20EE318600E5F0E0 /* UIFloatTextFieldController.swift */ = {isa = PBXFileReference; fileEncoding = 4; lastKnownFileType = sourcecode.swift; path = UIFloatTextFieldController.swift; sourceTree = "<group>"; };
		7A9E028320EE31B400E5F0E0 /* String.swift */ = {isa = PBXFileReference; fileEncoding = 4; lastKnownFileType = sourcecode.swift; path = String.swift; sourceTree = "<group>"; };
		7A9E028520EE31C100E5F0E0 /* CGPoint.swift */ = {isa = PBXFileReference; fileEncoding = 4; lastKnownFileType = sourcecode.swift; path = CGPoint.swift; sourceTree = "<group>"; };
		7A9E028720EE31D500E5F0E0 /* UIView.swift */ = {isa = PBXFileReference; fileEncoding = 4; lastKnownFileType = sourcecode.swift; path = UIView.swift; sourceTree = "<group>"; };
		7A9E028A20EE3E2500E5F0E0 /* BaseController.swift */ = {isa = PBXFileReference; lastKnownFileType = sourcecode.swift; path = BaseController.swift; sourceTree = "<group>"; };
		7A9E028C20EE3E9100E5F0E0 /* OnboardingBaseController.swift */ = {isa = PBXFileReference; lastKnownFileType = sourcecode.swift; path = OnboardingBaseController.swift; sourceTree = "<group>"; };
		7A9E028E20EE3F0D00E5F0E0 /* RegisterController.swift */ = {isa = PBXFileReference; lastKnownFileType = sourcecode.swift; path = RegisterController.swift; sourceTree = "<group>"; };
		7A9E029020EE414B00E5F0E0 /* User.swift */ = {isa = PBXFileReference; lastKnownFileType = sourcecode.swift; path = User.swift; sourceTree = "<group>"; };
		7A9E029220EE49FD00E5F0E0 /* StoryboardReferenceRepresentable.swift */ = {isa = PBXFileReference; fileEncoding = 4; lastKnownFileType = sourcecode.swift; path = StoryboardReferenceRepresentable.swift; sourceTree = "<group>"; };
		7A9E029520EE4A1000E5F0E0 /* StoryboardReference.swift */ = {isa = PBXFileReference; fileEncoding = 4; lastKnownFileType = sourcecode.swift; path = StoryboardReference.swift; sourceTree = "<group>"; };
		7A9E029720EE4A6E00E5F0E0 /* Main.storyboard */ = {isa = PBXFileReference; lastKnownFileType = file.storyboard; path = Main.storyboard; sourceTree = "<group>"; };
		7A9E029920EE4B7200E5F0E0 /* Navigation.swift */ = {isa = PBXFileReference; lastKnownFileType = sourcecode.swift; path = Navigation.swift; sourceTree = "<group>"; };
		7A9E029B20EE518900E5F0E0 /* MainTabBarController.swift */ = {isa = PBXFileReference; lastKnownFileType = sourcecode.swift; path = MainTabBarController.swift; sourceTree = "<group>"; };
		8A890AA50EB3DCE9A27AFD84 /* Pods-Parse Demo Project.debug.xcconfig */ = {isa = PBXFileReference; includeInIndex = 1; lastKnownFileType = text.xcconfig; name = "Pods-Parse Demo Project.debug.xcconfig"; path = "Pods/Target Support Files/Pods-Parse Demo Project/Pods-Parse Demo Project.debug.xcconfig"; sourceTree = "<group>"; };
		D939E37C20F4CD3900598FE7 /* ObservableNSLayoutConstaint.swift */ = {isa = PBXFileReference; lastKnownFileType = sourcecode.swift; path = ObservableNSLayoutConstaint.swift; sourceTree = "<group>"; };
		D939E37E20F4D73F00598FE7 /* UIColor.swift */ = {isa = PBXFileReference; lastKnownFileType = sourcecode.swift; path = UIColor.swift; sourceTree = "<group>"; };
		D939E38920F507B100598FE7 /* InsertPhoneController.swift */ = {isa = PBXFileReference; lastKnownFileType = sourcecode.swift; path = InsertPhoneController.swift; sourceTree = "<group>"; };
		D939E38B20F50A6700598FE7 /* PFFile.swift */ = {isa = PBXFileReference; lastKnownFileType = sourcecode.swift; path = PFFile.swift; sourceTree = "<group>"; };
		D94A8D3820F4ADF2000238D7 /* PersonalDataController.swift */ = {isa = PBXFileReference; lastKnownFileType = sourcecode.swift; path = PersonalDataController.swift; sourceTree = "<group>"; };
		D94A8D3B20F4B4F6000238D7 /* UIButton.swift */ = {isa = PBXFileReference; lastKnownFileType = sourcecode.swift; path = UIButton.swift; sourceTree = "<group>"; };
		D94C176F20F7A18E00BB61C9 /* NewsController.swift */ = {isa = PBXFileReference; lastKnownFileType = sourcecode.swift; path = NewsController.swift; sourceTree = "<group>"; };
		D94C177120F7A7D900BB61C9 /* ProfileCell.swift */ = {isa = PBXFileReference; lastKnownFileType = sourcecode.swift; path = ProfileCell.swift; sourceTree = "<group>"; };
		D94C177220F7A7D900BB61C9 /* ProfileCell.xib */ = {isa = PBXFileReference; lastKnownFileType = file.xib; path = ProfileCell.xib; sourceTree = "<group>"; };
		D94C177620F8A6A700BB61C9 /* NibInstantiable.swift */ = {isa = PBXFileReference; lastKnownFileType = sourcecode.swift; path = NibInstantiable.swift; sourceTree = "<group>"; };
		D94C177820F8CF1200BB61C9 /* PFSubclassing.swift */ = {isa = PBXFileReference; lastKnownFileType = sourcecode.swift; path = PFSubclassing.swift; sourceTree = "<group>"; };
		D94C177A20F8E0FA00BB61C9 /* PFObjectDemo.swift */ = {isa = PBXFileReference; lastKnownFileType = sourcecode.swift; path = PFObjectDemo.swift; sourceTree = "<group>"; };
		D94C177C20F8F59F00BB61C9 /* PFObject.swift */ = {isa = PBXFileReference; lastKnownFileType = sourcecode.swift; path = PFObject.swift; sourceTree = "<group>"; };
		D95D5E2720F7473300713C9D /* SplashScreenController.swift */ = {isa = PBXFileReference; lastKnownFileType = sourcecode.swift; path = SplashScreenController.swift; sourceTree = "<group>"; };
		D95D5E2920F74FAB00713C9D /* User+Rx.swift */ = {isa = PBXFileReference; lastKnownFileType = sourcecode.swift; path = "User+Rx.swift"; sourceTree = "<group>"; };
		D9794BDB20F65C6E0048FFA6 /* SettingsController.swift */ = {isa = PBXFileReference; lastKnownFileType = sourcecode.swift; path = SettingsController.swift; sourceTree = "<group>"; };
		D9794BDE20F65CE60048FFA6 /* ProfileSettingsCell.swift */ = {isa = PBXFileReference; lastKnownFileType = sourcecode.swift; path = ProfileSettingsCell.swift; sourceTree = "<group>"; };
		D9974E0920F6006000A63CC1 /* Bridging-Header.h */ = {isa = PBXFileReference; lastKnownFileType = sourcecode.c.h; path = "Bridging-Header.h"; sourceTree = "<group>"; };
		D9974E0A20F6033600A63CC1 /* GoogleService-Info.plist */ = {isa = PBXFileReference; fileEncoding = 4; lastKnownFileType = text.plist.xml; path = "GoogleService-Info.plist"; sourceTree = "<group>"; };
		D9E47AF020F61DFE000C5324 /* Popups.storyboard */ = {isa = PBXFileReference; lastKnownFileType = file.storyboard; path = Popups.storyboard; sourceTree = "<group>"; };
		D9E47AF320F622FA000C5324 /* PhoneValidationController.swift */ = {isa = PBXFileReference; lastKnownFileType = sourcecode.swift; path = PhoneValidationController.swift; sourceTree = "<group>"; };
		D9E47AF520F63C2F000C5324 /* SuccessPopupController.swift */ = {isa = PBXFileReference; lastKnownFileType = sourcecode.swift; path = SuccessPopupController.swift; sourceTree = "<group>"; };
		D9E47AF720F63C73000C5324 /* PopupBaseController.swift */ = {isa = PBXFileReference; lastKnownFileType = sourcecode.swift; path = PopupBaseController.swift; sourceTree = "<group>"; };
		EE06F9783FB28E29D723943C /* Pods-Parse Demo Project.release.xcconfig */ = {isa = PBXFileReference; includeInIndex = 1; lastKnownFileType = text.xcconfig; name = "Pods-Parse Demo Project.release.xcconfig"; path = "Pods/Target Support Files/Pods-Parse Demo Project/Pods-Parse Demo Project.release.xcconfig"; sourceTree = "<group>"; };
		F9405EE8BC1E3A435A5416FD /* Pods_Parse_Demo_Project.framework */ = {isa = PBXFileReference; explicitFileType = wrapper.framework; includeInIndex = 0; path = Pods_Parse_Demo_Project.framework; sourceTree = BUILT_PRODUCTS_DIR; };
/* End PBXFileReference section */

/* Begin PBXFrameworksBuildPhase section */
		7A9E025620EE001B00E5F0E0 /* Frameworks */ = {
			isa = PBXFrameworksBuildPhase;
			buildActionMask = 2147483647;
			files = (
				FA4DD5EF505E5866759BC568 /* Pods_Parse_Demo_Project.framework in Frameworks */,
			);
			runOnlyForDeploymentPostprocessing = 0;
		};
/* End PBXFrameworksBuildPhase section */

/* Begin PBXGroup section */
		64B1C6899C1ADE8F6AAB55D2 /* Pods */ = {
			isa = PBXGroup;
			children = (
				8A890AA50EB3DCE9A27AFD84 /* Pods-Parse Demo Project.debug.xcconfig */,
				EE06F9783FB28E29D723943C /* Pods-Parse Demo Project.release.xcconfig */,
			);
			name = Pods;
			sourceTree = "<group>";
		};
		7A9E025020EE001B00E5F0E0 = {
			isa = PBXGroup;
			children = (
				7A9E025B20EE001B00E5F0E0 /* Parse Demo Project */,
				7A9E025A20EE001B00E5F0E0 /* Products */,
				64B1C6899C1ADE8F6AAB55D2 /* Pods */,
				CF5E365FE8AB47A51315A693 /* Frameworks */,
			);
			sourceTree = "<group>";
		};
		7A9E025A20EE001B00E5F0E0 /* Products */ = {
			isa = PBXGroup;
			children = (
				7A9E025920EE001B00E5F0E0 /* Parse Demo Project.app */,
			);
			name = Products;
			sourceTree = "<group>";
		};
		7A9E025B20EE001B00E5F0E0 /* Parse Demo Project */ = {
			isa = PBXGroup;
			children = (
				7A9E027220EE075D00E5F0E0 /* Data */,
				7A9E027620EE08E000E5F0E0 /* Extensions */,
				7A9E027320EE076500E5F0E0 /* Utils */,
				7A9E027B20EE0E9F00E5F0E0 /* UI */,
				7A9E025C20EE001B00E5F0E0 /* AppDelegate.swift */,
				D9974E0920F6006000A63CC1 /* Bridging-Header.h */,
				7A9E026320EE001D00E5F0E0 /* Assets.xcassets */,
				D9974E0A20F6033600A63CC1 /* GoogleService-Info.plist */,
				7A9E026820EE001D00E5F0E0 /* Info.plist */,
			);
			path = "Parse Demo Project";
			sourceTree = "<group>";
		};
		7A9E027220EE075D00E5F0E0 /* Data */ = {
			isa = PBXGroup;
			children = (
				7A9E029020EE414B00E5F0E0 /* User.swift */,
				D95D5E2920F74FAB00713C9D /* User+Rx.swift */,
				D94C177A20F8E0FA00BB61C9 /* PFObjectDemo.swift */,
			);
			path = Data;
			sourceTree = "<group>";
		};
		7A9E027320EE076500E5F0E0 /* Utils */ = {
			isa = PBXGroup;
			children = (
				7A9E026E20EE039000E5F0E0 /* PlistFile.swift */,
				7A9E027020EE047300E5F0E0 /* GenericError.swift */,
				7A9E027920EE0B2B00E5F0E0 /* Alert.swift */,
			);
			path = Utils;
			sourceTree = "<group>";
		};
		7A9E027620EE08E000E5F0E0 /* Extensions */ = {
			isa = PBXGroup;
			children = (
				7A9E028320EE31B400E5F0E0 /* String.swift */,
				7A9E027420EE078400E5F0E0 /* ParseClientConfiguration.swift */,
				7A9E027720EE08ED00E5F0E0 /* Parse.swift */,
				D939E38B20F50A6700598FE7 /* PFFile.swift */,
				D94C177820F8CF1200BB61C9 /* PFSubclassing.swift */,
				D94C177C20F8F59F00BB61C9 /* PFObject.swift */,
			);
			path = Extensions;
			sourceTree = "<group>";
		};
		7A9E027B20EE0E9F00E5F0E0 /* UI */ = {
			isa = PBXGroup;
			children = (
				D9794BDD20F65CDC0048FFA6 /* Cells */,
				D94A8D3A20F4B4EB000238D7 /* Extensions */,
				7A9E029420EE4A0000E5F0E0 /* Utils */,
				7A9E028220EE319100E5F0E0 /* Views */,
				7A9E027D20EE0EED00E5F0E0 /* Storyboards */,
				7A9E027C20EE0EAA00E5F0E0 /* Controllers */,
			);
			path = UI;
			sourceTree = "<group>";
		};
		7A9E027C20EE0EAA00E5F0E0 /* Controllers */ = {
			isa = PBXGroup;
			children = (
				D9794BDA20F65C650048FFA6 /* Main */,
				7A9E028920EE3E1600E5F0E0 /* Base */,
				D9E47AF220F622EF000C5324 /* Popups */,
				7A9E029D20EE51A200E5F0E0 /* Onboarding */,
			);
			path = Controllers;
			sourceTree = "<group>";
		};
		7A9E027D20EE0EED00E5F0E0 /* Storyboards */ = {
			isa = PBXGroup;
			children = (
				7A9E029520EE4A1000E5F0E0 /* StoryboardReference.swift */,
				7A9E026520EE001D00E5F0E0 /* LaunchScreen.storyboard */,
				7A9E026020EE001B00E5F0E0 /* Onboarding.storyboard */,
				7A9E029720EE4A6E00E5F0E0 /* Main.storyboard */,
				D9E47AF020F61DFE000C5324 /* Popups.storyboard */,
			);
			path = Storyboards;
			sourceTree = "<group>";
		};
		7A9E028220EE319100E5F0E0 /* Views */ = {
			isa = PBXGroup;
			children = (
				7A9E028520EE31C100E5F0E0 /* CGPoint.swift */,
				7A9E028720EE31D500E5F0E0 /* UIView.swift */,
				7A9E027F20EE318600E5F0E0 /* UIFloatTextFieldController.swift */,
				7A9E027E20EE318600E5F0E0 /* UILoadButton.swift */,
			);
			path = Views;
			sourceTree = "<group>";
		};
		7A9E028920EE3E1600E5F0E0 /* Base */ = {
			isa = PBXGroup;
			children = (
				7A9E028A20EE3E2500E5F0E0 /* BaseController.swift */,
			);
			path = Base;
			sourceTree = "<group>";
		};
		7A9E029420EE4A0000E5F0E0 /* Utils */ = {
			isa = PBXGroup;
			children = (
				7A9E029220EE49FD00E5F0E0 /* StoryboardReferenceRepresentable.swift */,
				7A9E029920EE4B7200E5F0E0 /* Navigation.swift */,
				D939E37C20F4CD3900598FE7 /* ObservableNSLayoutConstaint.swift */,
			);
			path = Utils;
			sourceTree = "<group>";
		};
		7A9E029D20EE51A200E5F0E0 /* Onboarding */ = {
			isa = PBXGroup;
			children = (
				7A9E028C20EE3E9100E5F0E0 /* OnboardingBaseController.swift */,
				7A9E025E20EE001B00E5F0E0 /* LoginController.swift */,
				7A9E028E20EE3F0D00E5F0E0 /* RegisterController.swift */,
				D94A8D3820F4ADF2000238D7 /* PersonalDataController.swift */,
				D939E38920F507B100598FE7 /* InsertPhoneController.swift */,
				D95D5E2720F7473300713C9D /* SplashScreenController.swift */,
			);
			path = Onboarding;
			sourceTree = "<group>";
		};
		CF5E365FE8AB47A51315A693 /* Frameworks */ = {
			isa = PBXGroup;
			children = (
				F9405EE8BC1E3A435A5416FD /* Pods_Parse_Demo_Project.framework */,
			);
			name = Frameworks;
			sourceTree = "<group>";
		};
		D94A8D3A20F4B4EB000238D7 /* Extensions */ = {
			isa = PBXGroup;
			children = (
				D94A8D3B20F4B4F6000238D7 /* UIButton.swift */,
				D939E37E20F4D73F00598FE7 /* UIColor.swift */,
			);
			path = Extensions;
			sourceTree = "<group>";
		};
		D94C177520F7A7DD00BB61C9 /* ProfileTableViewCell */ = {
			isa = PBXGroup;
			children = (
				D94C177120F7A7D900BB61C9 /* ProfileCell.swift */,
				D94C177220F7A7D900BB61C9 /* ProfileCell.xib */,
			);
			path = ProfileTableViewCell;
			sourceTree = "<group>";
		};
		D9794BDA20F65C650048FFA6 /* Main */ = {
			isa = PBXGroup;
			children = (
				7A9E029B20EE518900E5F0E0 /* MainTabBarController.swift */,
				D9794BDB20F65C6E0048FFA6 /* SettingsController.swift */,
				D94C176F20F7A18E00BB61C9 /* NewsController.swift */,
			);
			path = Main;
			sourceTree = "<group>";
		};
		D9794BDD20F65CDC0048FFA6 /* Cells */ = {
			isa = PBXGroup;
			children = (
				D94C177620F8A6A700BB61C9 /* NibInstantiable.swift */,
				D9794BDE20F65CE60048FFA6 /* ProfileSettingsCell.swift */,
				D94C177520F7A7DD00BB61C9 /* ProfileTableViewCell */,
			);
			path = Cells;
			sourceTree = "<group>";
		};
		D9E47AF220F622EF000C5324 /* Popups */ = {
			isa = PBXGroup;
			children = (
				D9E47AF720F63C73000C5324 /* PopupBaseController.swift */,
				D9E47AF320F622FA000C5324 /* PhoneValidationController.swift */,
				D9E47AF520F63C2F000C5324 /* SuccessPopupController.swift */,
			);
			path = Popups;
			sourceTree = "<group>";
		};
/* End PBXGroup section */

/* Begin PBXNativeTarget section */
		7A9E025820EE001B00E5F0E0 /* Parse Demo Project */ = {
			isa = PBXNativeTarget;
			buildConfigurationList = 7A9E026B20EE001D00E5F0E0 /* Build configuration list for PBXNativeTarget "Parse Demo Project" */;
			buildPhases = (
				407B023B42DBFC71E2CC474A /* [CP] Check Pods Manifest.lock */,
				7A9E025520EE001B00E5F0E0 /* Sources */,
				7A9E025620EE001B00E5F0E0 /* Frameworks */,
				7A9E025720EE001B00E5F0E0 /* Resources */,
				08CF22C8E2580415470B6893 /* [CP] Embed Pods Frameworks */,
			);
			buildRules = (
			);
			dependencies = (
			);
			name = "Parse Demo Project";
			productName = "Parse Demo Project";
			productReference = 7A9E025920EE001B00E5F0E0 /* Parse Demo Project.app */;
			productType = "com.apple.product-type.application";
		};
/* End PBXNativeTarget section */

/* Begin PBXProject section */
		7A9E025120EE001B00E5F0E0 /* Project object */ = {
			isa = PBXProject;
			attributes = {
				LastSwiftUpdateCheck = 0940;
				LastUpgradeCheck = 0940;
				ORGANIZATIONNAME = "Marius Ilie";
				TargetAttributes = {
					7A9E025820EE001B00E5F0E0 = {
						CreatedOnToolsVersion = 9.4;
					};
				};
			};
			buildConfigurationList = 7A9E025420EE001B00E5F0E0 /* Build configuration list for PBXProject "Parse Demo Project" */;
			compatibilityVersion = "Xcode 9.3";
			developmentRegion = en;
			hasScannedForEncodings = 0;
			knownRegions = (
				en,
				Base,
			);
			mainGroup = 7A9E025020EE001B00E5F0E0;
			productRefGroup = 7A9E025A20EE001B00E5F0E0 /* Products */;
			projectDirPath = "";
			projectRoot = "";
			targets = (
				7A9E025820EE001B00E5F0E0 /* Parse Demo Project */,
			);
		};
/* End PBXProject section */

/* Begin PBXResourcesBuildPhase section */
		7A9E025720EE001B00E5F0E0 /* Resources */ = {
			isa = PBXResourcesBuildPhase;
			buildActionMask = 2147483647;
			files = (
				7A9E026720EE001D00E5F0E0 /* LaunchScreen.storyboard in Resources */,
				7A9E026420EE001D00E5F0E0 /* Assets.xcassets in Resources */,
				D9974E0B20F6033700A63CC1 /* GoogleService-Info.plist in Resources */,
				D94C177420F7A7D900BB61C9 /* ProfileCell.xib in Resources */,
				7A9E026220EE001B00E5F0E0 /* Onboarding.storyboard in Resources */,
				7A9E029820EE4A6E00E5F0E0 /* Main.storyboard in Resources */,
				D9E47AF120F61DFE000C5324 /* Popups.storyboard in Resources */,
			);
			runOnlyForDeploymentPostprocessing = 0;
		};
/* End PBXResourcesBuildPhase section */

/* Begin PBXShellScriptBuildPhase section */
		08CF22C8E2580415470B6893 /* [CP] Embed Pods Frameworks */ = {
			isa = PBXShellScriptBuildPhase;
			buildActionMask = 2147483647;
			files = (
			);
			inputPaths = (
				"${SRCROOT}/Pods/Target Support Files/Pods-Parse Demo Project/Pods-Parse Demo Project-frameworks.sh",
				"${BUILT_PRODUCTS_DIR}/Bolts/Bolts.framework",
				"${BUILT_PRODUCTS_DIR}/GTMSessionFetcher/GTMSessionFetcher.framework",
				"${BUILT_PRODUCTS_DIR}/GoogleToolboxForMac/GoogleToolboxForMac.framework",
				"${BUILT_PRODUCTS_DIR}/Kingfisher/Kingfisher.framework",
				"${BUILT_PRODUCTS_DIR}/Parse/Parse.framework",
				"${BUILT_PRODUCTS_DIR}/RxCocoa/RxCocoa.framework",
				"${BUILT_PRODUCTS_DIR}/RxKeyboard/RxKeyboard.framework",
				"${BUILT_PRODUCTS_DIR}/RxSwift/RxSwift.framework",
			);
			name = "[CP] Embed Pods Frameworks";
			outputPaths = (
				"${TARGET_BUILD_DIR}/${FRAMEWORKS_FOLDER_PATH}/Bolts.framework",
				"${TARGET_BUILD_DIR}/${FRAMEWORKS_FOLDER_PATH}/GTMSessionFetcher.framework",
				"${TARGET_BUILD_DIR}/${FRAMEWORKS_FOLDER_PATH}/GoogleToolboxForMac.framework",
				"${TARGET_BUILD_DIR}/${FRAMEWORKS_FOLDER_PATH}/Kingfisher.framework",
				"${TARGET_BUILD_DIR}/${FRAMEWORKS_FOLDER_PATH}/Parse.framework",
				"${TARGET_BUILD_DIR}/${FRAMEWORKS_FOLDER_PATH}/RxCocoa.framework",
				"${TARGET_BUILD_DIR}/${FRAMEWORKS_FOLDER_PATH}/RxKeyboard.framework",
				"${TARGET_BUILD_DIR}/${FRAMEWORKS_FOLDER_PATH}/RxSwift.framework",
			);
			runOnlyForDeploymentPostprocessing = 0;
			shellPath = /bin/sh;
			shellScript = "\"${SRCROOT}/Pods/Target Support Files/Pods-Parse Demo Project/Pods-Parse Demo Project-frameworks.sh\"\n";
			showEnvVarsInLog = 0;
		};
		407B023B42DBFC71E2CC474A /* [CP] Check Pods Manifest.lock */ = {
			isa = PBXShellScriptBuildPhase;
			buildActionMask = 2147483647;
			files = (
			);
			inputPaths = (
				"${PODS_PODFILE_DIR_PATH}/Podfile.lock",
				"${PODS_ROOT}/Manifest.lock",
			);
			name = "[CP] Check Pods Manifest.lock";
			outputPaths = (
				"$(DERIVED_FILE_DIR)/Pods-Parse Demo Project-checkManifestLockResult.txt",
			);
			runOnlyForDeploymentPostprocessing = 0;
			shellPath = /bin/sh;
			shellScript = "diff \"${PODS_PODFILE_DIR_PATH}/Podfile.lock\" \"${PODS_ROOT}/Manifest.lock\" > /dev/null\nif [ $? != 0 ] ; then\n    # print error to STDERR\n    echo \"error: The sandbox is not in sync with the Podfile.lock. Run 'pod install' or update your CocoaPods installation.\" >&2\n    exit 1\nfi\n# This output is used by Xcode 'outputs' to avoid re-running this script phase.\necho \"SUCCESS\" > \"${SCRIPT_OUTPUT_FILE_0}\"\n";
			showEnvVarsInLog = 0;
		};
/* End PBXShellScriptBuildPhase section */

/* Begin PBXSourcesBuildPhase section */
		7A9E025520EE001B00E5F0E0 /* Sources */ = {
			isa = PBXSourcesBuildPhase;
			buildActionMask = 2147483647;
			files = (
				7A9E029620EE4A1100E5F0E0 /* StoryboardReference.swift in Sources */,
				D94C177B20F8E0FA00BB61C9 /* PFObjectDemo.swift in Sources */,
				7A9E028620EE31C100E5F0E0 /* CGPoint.swift in Sources */,
				7A9E029C20EE518900E5F0E0 /* MainTabBarController.swift in Sources */,
				7A9E027120EE047300E5F0E0 /* GenericError.swift in Sources */,
				7A9E027820EE08ED00E5F0E0 /* Parse.swift in Sources */,
				7A9E028D20EE3E9100E5F0E0 /* OnboardingBaseController.swift in Sources */,
				D95D5E2820F7473300713C9D /* SplashScreenController.swift in Sources */,
				D94C177720F8A6A700BB61C9 /* NibInstantiable.swift in Sources */,
				D9794BDC20F65C6E0048FFA6 /* SettingsController.swift in Sources */,
				D94C177320F7A7D900BB61C9 /* ProfileCell.swift in Sources */,
				7A9E029120EE414B00E5F0E0 /* User.swift in Sources */,
				7A9E028B20EE3E2500E5F0E0 /* BaseController.swift in Sources */,
				D9E47AF620F63C2F000C5324 /* SuccessPopupController.swift in Sources */,
				D939E38A20F507B100598FE7 /* InsertPhoneController.swift in Sources */,
				D94C177020F7A18E00BB61C9 /* NewsController.swift in Sources */,
				D94C177D20F8F59F00BB61C9 /* PFObject.swift in Sources */,
				D9794BDF20F65CE60048FFA6 /* ProfileSettingsCell.swift in Sources */,
				D9E47AF820F63C73000C5324 /* PopupBaseController.swift in Sources */,
				D9E47AF420F622FA000C5324 /* PhoneValidationController.swift in Sources */,
				7A9E028F20EE3F0D00E5F0E0 /* RegisterController.swift in Sources */,
				D95D5E2A20F74FAB00713C9D /* User+Rx.swift in Sources */,
				7A9E028420EE31B400E5F0E0 /* String.swift in Sources */,
				7A9E029A20EE4B7200E5F0E0 /* Navigation.swift in Sources */,
				D939E37D20F4CD3900598FE7 /* ObservableNSLayoutConstaint.swift in Sources */,
				7A9E028820EE31D500E5F0E0 /* UIView.swift in Sources */,
				D939E37F20F4D73F00598FE7 /* UIColor.swift in Sources */,
				7A9E029320EE49FD00E5F0E0 /* StoryboardReferenceRepresentable.swift in Sources */,
				7A9E026F20EE039000E5F0E0 /* PlistFile.swift in Sources */,
				7A9E025F20EE001B00E5F0E0 /* LoginController.swift in Sources */,
				7A9E027520EE078400E5F0E0 /* ParseClientConfiguration.swift in Sources */,
				7A9E025D20EE001B00E5F0E0 /* AppDelegate.swift in Sources */,
				7A9E027A20EE0B2B00E5F0E0 /* Alert.swift in Sources */,
				D939E38C20F50A6700598FE7 /* PFFile.swift in Sources */,
				D94C177920F8CF1200BB61C9 /* PFSubclassing.swift in Sources */,
				7A9E028120EE318600E5F0E0 /* UIFloatTextFieldController.swift in Sources */,
				D94A8D3C20F4B4F6000238D7 /* UIButton.swift in Sources */,
				7A9E028020EE318600E5F0E0 /* UILoadButton.swift in Sources */,
				D94A8D3920F4ADF2000238D7 /* PersonalDataController.swift in Sources */,
			);
			runOnlyForDeploymentPostprocessing = 0;
		};
/* End PBXSourcesBuildPhase section */

/* Begin PBXVariantGroup section */
		7A9E026020EE001B00E5F0E0 /* Onboarding.storyboard */ = {
			isa = PBXVariantGroup;
			children = (
				7A9E026120EE001B00E5F0E0 /* Base */,
			);
			name = Onboarding.storyboard;
			sourceTree = "<group>";
		};
		7A9E026520EE001D00E5F0E0 /* LaunchScreen.storyboard */ = {
			isa = PBXVariantGroup;
			children = (
				7A9E026620EE001D00E5F0E0 /* Base */,
			);
			name = LaunchScreen.storyboard;
			sourceTree = "<group>";
		};
/* End PBXVariantGroup section */

/* Begin XCBuildConfiguration section */
		7A9E026920EE001D00E5F0E0 /* Debug */ = {
			isa = XCBuildConfiguration;
			buildSettings = {
				ALWAYS_SEARCH_USER_PATHS = NO;
				CLANG_ANALYZER_NONNULL = YES;
				CLANG_ANALYZER_NUMBER_OBJECT_CONVERSION = YES_AGGRESSIVE;
				CLANG_CXX_LANGUAGE_STANDARD = "gnu++14";
				CLANG_CXX_LIBRARY = "libc++";
				CLANG_ENABLE_MODULES = YES;
				CLANG_ENABLE_OBJC_ARC = YES;
				CLANG_ENABLE_OBJC_WEAK = YES;
				CLANG_WARN_BLOCK_CAPTURE_AUTORELEASING = YES;
				CLANG_WARN_BOOL_CONVERSION = YES;
				CLANG_WARN_COMMA = YES;
				CLANG_WARN_CONSTANT_CONVERSION = YES;
				CLANG_WARN_DEPRECATED_OBJC_IMPLEMENTATIONS = YES;
				CLANG_WARN_DIRECT_OBJC_ISA_USAGE = YES_ERROR;
				CLANG_WARN_DOCUMENTATION_COMMENTS = YES;
				CLANG_WARN_EMPTY_BODY = YES;
				CLANG_WARN_ENUM_CONVERSION = YES;
				CLANG_WARN_INFINITE_RECURSION = YES;
				CLANG_WARN_INT_CONVERSION = YES;
				CLANG_WARN_NON_LITERAL_NULL_CONVERSION = YES;
				CLANG_WARN_OBJC_IMPLICIT_RETAIN_SELF = YES;
				CLANG_WARN_OBJC_LITERAL_CONVERSION = YES;
				CLANG_WARN_OBJC_ROOT_CLASS = YES_ERROR;
				CLANG_WARN_RANGE_LOOP_ANALYSIS = YES;
				CLANG_WARN_STRICT_PROTOTYPES = YES;
				CLANG_WARN_SUSPICIOUS_MOVE = YES;
				CLANG_WARN_UNGUARDED_AVAILABILITY = YES_AGGRESSIVE;
				CLANG_WARN_UNREACHABLE_CODE = YES;
				CLANG_WARN__DUPLICATE_METHOD_MATCH = YES;
				CODE_SIGN_IDENTITY = "iPhone Developer";
				COPY_PHASE_STRIP = NO;
				DEBUG_INFORMATION_FORMAT = dwarf;
				ENABLE_STRICT_OBJC_MSGSEND = YES;
				ENABLE_TESTABILITY = YES;
				GCC_C_LANGUAGE_STANDARD = gnu11;
				GCC_DYNAMIC_NO_PIC = NO;
				GCC_NO_COMMON_BLOCKS = YES;
				GCC_OPTIMIZATION_LEVEL = 0;
				GCC_PREPROCESSOR_DEFINITIONS = (
					"DEBUG=1",
					"$(inherited)",
				);
				GCC_WARN_64_TO_32_BIT_CONVERSION = YES;
				GCC_WARN_ABOUT_RETURN_TYPE = YES_ERROR;
				GCC_WARN_UNDECLARED_SELECTOR = YES;
				GCC_WARN_UNINITIALIZED_AUTOS = YES_AGGRESSIVE;
				GCC_WARN_UNUSED_FUNCTION = YES;
				GCC_WARN_UNUSED_VARIABLE = YES;
				IPHONEOS_DEPLOYMENT_TARGET = 11.4;
				MTL_ENABLE_DEBUG_INFO = YES;
				ONLY_ACTIVE_ARCH = YES;
				SDKROOT = iphoneos;
				SWIFT_ACTIVE_COMPILATION_CONDITIONS = DEBUG;
				SWIFT_OPTIMIZATION_LEVEL = "-Onone";
			};
			name = Debug;
		};
		7A9E026A20EE001D00E5F0E0 /* Release */ = {
			isa = XCBuildConfiguration;
			buildSettings = {
				ALWAYS_SEARCH_USER_PATHS = NO;
				CLANG_ANALYZER_NONNULL = YES;
				CLANG_ANALYZER_NUMBER_OBJECT_CONVERSION = YES_AGGRESSIVE;
				CLANG_CXX_LANGUAGE_STANDARD = "gnu++14";
				CLANG_CXX_LIBRARY = "libc++";
				CLANG_ENABLE_MODULES = YES;
				CLANG_ENABLE_OBJC_ARC = YES;
				CLANG_ENABLE_OBJC_WEAK = YES;
				CLANG_WARN_BLOCK_CAPTURE_AUTORELEASING = YES;
				CLANG_WARN_BOOL_CONVERSION = YES;
				CLANG_WARN_COMMA = YES;
				CLANG_WARN_CONSTANT_CONVERSION = YES;
				CLANG_WARN_DEPRECATED_OBJC_IMPLEMENTATIONS = YES;
				CLANG_WARN_DIRECT_OBJC_ISA_USAGE = YES_ERROR;
				CLANG_WARN_DOCUMENTATION_COMMENTS = YES;
				CLANG_WARN_EMPTY_BODY = YES;
				CLANG_WARN_ENUM_CONVERSION = YES;
				CLANG_WARN_INFINITE_RECURSION = YES;
				CLANG_WARN_INT_CONVERSION = YES;
				CLANG_WARN_NON_LITERAL_NULL_CONVERSION = YES;
				CLANG_WARN_OBJC_IMPLICIT_RETAIN_SELF = YES;
				CLANG_WARN_OBJC_LITERAL_CONVERSION = YES;
				CLANG_WARN_OBJC_ROOT_CLASS = YES_ERROR;
				CLANG_WARN_RANGE_LOOP_ANALYSIS = YES;
				CLANG_WARN_STRICT_PROTOTYPES = YES;
				CLANG_WARN_SUSPICIOUS_MOVE = YES;
				CLANG_WARN_UNGUARDED_AVAILABILITY = YES_AGGRESSIVE;
				CLANG_WARN_UNREACHABLE_CODE = YES;
				CLANG_WARN__DUPLICATE_METHOD_MATCH = YES;
				CODE_SIGN_IDENTITY = "iPhone Developer";
				COPY_PHASE_STRIP = NO;
				DEBUG_INFORMATION_FORMAT = "dwarf-with-dsym";
				ENABLE_NS_ASSERTIONS = NO;
				ENABLE_STRICT_OBJC_MSGSEND = YES;
				GCC_C_LANGUAGE_STANDARD = gnu11;
				GCC_NO_COMMON_BLOCKS = YES;
				GCC_WARN_64_TO_32_BIT_CONVERSION = YES;
				GCC_WARN_ABOUT_RETURN_TYPE = YES_ERROR;
				GCC_WARN_UNDECLARED_SELECTOR = YES;
				GCC_WARN_UNINITIALIZED_AUTOS = YES_AGGRESSIVE;
				GCC_WARN_UNUSED_FUNCTION = YES;
				GCC_WARN_UNUSED_VARIABLE = YES;
				IPHONEOS_DEPLOYMENT_TARGET = 11.4;
				MTL_ENABLE_DEBUG_INFO = NO;
				SDKROOT = iphoneos;
				SWIFT_COMPILATION_MODE = wholemodule;
				SWIFT_OPTIMIZATION_LEVEL = "-O";
				VALIDATE_PRODUCT = YES;
			};
			name = Release;
		};
		7A9E026C20EE001D00E5F0E0 /* Debug */ = {
			isa = XCBuildConfiguration;
			baseConfigurationReference = 8A890AA50EB3DCE9A27AFD84 /* Pods-Parse Demo Project.debug.xcconfig */;
			buildSettings = {
				ASSETCATALOG_COMPILER_APPICON_NAME = AppIcon;
				CODE_SIGN_STYLE = Automatic;
				DEVELOPMENT_TEAM = 2S2RSVRNML;
				INFOPLIST_FILE = "Parse Demo Project/Info.plist";
				IPHONEOS_DEPLOYMENT_TARGET = 11.0;
				LD_RUNPATH_SEARCH_PATHS = (
					"$(inherited)",
					"@executable_path/Frameworks",
				);
				PRODUCT_BUNDLE_IDENTIFIER = "ro.iliemarius.Parse-Demo-Project";
				PRODUCT_NAME = "$(TARGET_NAME)";
				SWIFT_OBJC_BRIDGING_HEADER = "Parse Demo Project/Bridging-Header.h";
				SWIFT_VERSION = 4.0;
				TARGETED_DEVICE_FAMILY = "1,2";
			};
			name = Debug;
		};
		7A9E026D20EE001D00E5F0E0 /* Release */ = {
			isa = XCBuildConfiguration;
			baseConfigurationReference = EE06F9783FB28E29D723943C /* Pods-Parse Demo Project.release.xcconfig */;
			buildSettings = {
				ASSETCATALOG_COMPILER_APPICON_NAME = AppIcon;
				CODE_SIGN_STYLE = Automatic;
				DEVELOPMENT_TEAM = 2S2RSVRNML;
				INFOPLIST_FILE = "Parse Demo Project/Info.plist";
				IPHONEOS_DEPLOYMENT_TARGET = 11.0;
				LD_RUNPATH_SEARCH_PATHS = (
					"$(inherited)",
					"@executable_path/Frameworks",
				);
				PRODUCT_BUNDLE_IDENTIFIER = "ro.iliemarius.Parse-Demo-Project";
				PRODUCT_NAME = "$(TARGET_NAME)";
				SWIFT_OBJC_BRIDGING_HEADER = "Parse Demo Project/Bridging-Header.h";
				SWIFT_VERSION = 4.0;
				TARGETED_DEVICE_FAMILY = "1,2";
			};
			name = Release;
		};
/* End XCBuildConfiguration section */

/* Begin XCConfigurationList section */
		7A9E025420EE001B00E5F0E0 /* Build configuration list for PBXProject "Parse Demo Project" */ = {
			isa = XCConfigurationList;
			buildConfigurations = (
				7A9E026920EE001D00E5F0E0 /* Debug */,
				7A9E026A20EE001D00E5F0E0 /* Release */,
			);
			defaultConfigurationIsVisible = 0;
			defaultConfigurationName = Release;
		};
		7A9E026B20EE001D00E5F0E0 /* Build configuration list for PBXNativeTarget "Parse Demo Project" */ = {
			isa = XCConfigurationList;
			buildConfigurations = (
				7A9E026C20EE001D00E5F0E0 /* Debug */,
				7A9E026D20EE001D00E5F0E0 /* Release */,
			);
			defaultConfigurationIsVisible = 0;
			defaultConfigurationName = Release;
		};
/* End XCConfigurationList section */
	};
	rootObject = 7A9E025120EE001B00E5F0E0 /* Project object */;
}
